
Microsoft Visual Studio Solution File, Format Version 12.00
# Visual Studio 15
VisualStudioVersion = 15.0.28010.2046
MinimumVisualStudioVersion = 10.0.40219.1
Project("{FAE04EC0-301F-11D3-BF4B-00C04F79EFBC}") = "ClickDimensionsAzureFunction", "ClickDimensionsAzureFunction\ClickDimensionsAzureFunction.csproj", "{6EF44696-9727-4C14-B7EF-47BDDF86D8A2}"
EndProject
Global
	GlobalSection(SolutionConfigurationPlatforms) = preSolution
		Debug|Any CPU = Debug|Any CPU
		Release|Any CPU = Release|Any CPU
	EndGlobalSection
	GlobalSection(ProjectConfigurationPlatforms) = postSolution
		{6EF44696-9727-4C14-B7EF-47BDDF86D8A2}.Debug|Any CPU.ActiveCfg = Debug|Any CPU
		{6EF44696-9727-4C14-B7EF-47BDDF86D8A2}.Debug|Any CPU.Build.0 = Debug|Any CPU
		{6EF44696-9727-4C14-B7EF-47BDDF86D8A2}.Release|Any CPU.ActiveCfg = Release|Any CPU
		{6EF44696-9727-4C14-B7EF-47BDDF86D8A2}.Release|Any CPU.Build.0 = Release|Any CPU
	EndGlobalSection
	GlobalSection(SolutionProperties) = preSolution
		HideSolutionNode = FALSE
	EndGlobalSection
	GlobalSection(ExtensibilityGlobals) = postSolution
		SolutionGuid = {E0B495A2-7C04-413C-AF2C-13D534BF90DA}
	EndGlobalSection
EndGlobal
